
Microsoft Visual Studio Solution File, Format Version 12.00
# Visual Studio 15
VisualStudioVersion = 15.0.26730.16
MinimumVisualStudioVersion = 10.0.40219.1
Project("{FAE04EC0-301F-11D3-BF4B-00C04F79EFBC}") = "Information.Store.Service", "Information.Store.Service\Information.Store.Service.csproj", "{5B9CB5AA-B571-4B40-9160-5421B5FA442E}"
EndProject
Project("{FAE04EC0-301F-11D3-BF4B-00C04F79EFBC}") = "Information.Store.Interactor.Tests", "Information.Store.Interactor.Tests\Information.Store.Interactor.Tests.csproj", "{CE87D8C7-4326-4D5A-BCC5-B4BBC1497E08}"
EndProject
Project("{FAE04EC0-301F-11D3-BF4B-00C04F79EFBC}") = "Information.Store.Interactor", "Information.Store.Interactor\Information.Store.Interactor.csproj", "{A5332CC7-9184-40A1-90FF-C8FEA8D43193}"
EndProject
Project("{FAE04EC0-301F-11D3-BF4B-00C04F79EFBC}") = "Information.Store.Factories", "Information.Store.Factories\Information.Store.Factories.csproj", "{01D5B6B1-0C39-4641-B4EF-28468332601E}"
EndProject
Project("{FAE04EC0-301F-11D3-BF4B-00C04F79EFBC}") = "Information.Store.Factories.Tests", "Information.Store.Factories.Tests\Information.Store.Factories.Tests.csproj", "{9DFC77E0-6346-47DB-B293-C838A124EB7E}"
EndProject
Global
	GlobalSection(SolutionConfigurationPlatforms) = preSolution
		Debug|Any CPU = Debug|Any CPU
		Release|Any CPU = Release|Any CPU
	EndGlobalSection
	GlobalSection(ProjectConfigurationPlatforms) = postSolution
		{5B9CB5AA-B571-4B40-9160-5421B5FA442E}.Debug|Any CPU.ActiveCfg = Debug|Any CPU
		{5B9CB5AA-B571-4B40-9160-5421B5FA442E}.Debug|Any CPU.Build.0 = Debug|Any CPU
		{5B9CB5AA-B571-4B40-9160-5421B5FA442E}.Release|Any CPU.ActiveCfg = Release|Any CPU
		{5B9CB5AA-B571-4B40-9160-5421B5FA442E}.Release|Any CPU.Build.0 = Release|Any CPU
		{CE87D8C7-4326-4D5A-BCC5-B4BBC1497E08}.Debug|Any CPU.ActiveCfg = Debug|Any CPU
		{CE87D8C7-4326-4D5A-BCC5-B4BBC1497E08}.Debug|Any CPU.Build.0 = Debug|Any CPU
		{CE87D8C7-4326-4D5A-BCC5-B4BBC1497E08}.Release|Any CPU.ActiveCfg = Release|Any CPU
		{CE87D8C7-4326-4D5A-BCC5-B4BBC1497E08}.Release|Any CPU.Build.0 = Release|Any CPU
		{A5332CC7-9184-40A1-90FF-C8FEA8D43193}.Debug|Any CPU.ActiveCfg = Debug|Any CPU
		{A5332CC7-9184-40A1-90FF-C8FEA8D43193}.Debug|Any CPU.Build.0 = Debug|Any CPU
		{A5332CC7-9184-40A1-90FF-C8FEA8D43193}.Release|Any CPU.ActiveCfg = Release|Any CPU
		{A5332CC7-9184-40A1-90FF-C8FEA8D43193}.Release|Any CPU.Build.0 = Release|Any CPU
		{01D5B6B1-0C39-4641-B4EF-28468332601E}.Debug|Any CPU.ActiveCfg = Debug|Any CPU
		{01D5B6B1-0C39-4641-B4EF-28468332601E}.Debug|Any CPU.Build.0 = Debug|Any CPU
		{01D5B6B1-0C39-4641-B4EF-28468332601E}.Release|Any CPU.ActiveCfg = Release|Any CPU
		{01D5B6B1-0C39-4641-B4EF-28468332601E}.Release|Any CPU.Build.0 = Release|Any CPU
		{9DFC77E0-6346-47DB-B293-C838A124EB7E}.Debug|Any CPU.ActiveCfg = Debug|Any CPU
		{9DFC77E0-6346-47DB-B293-C838A124EB7E}.Debug|Any CPU.Build.0 = Debug|Any CPU
		{9DFC77E0-6346-47DB-B293-C838A124EB7E}.Release|Any CPU.ActiveCfg = Release|Any CPU
		{9DFC77E0-6346-47DB-B293-C838A124EB7E}.Release|Any CPU.Build.0 = Release|Any CPU
	EndGlobalSection
	GlobalSection(SolutionProperties) = preSolution
		HideSolutionNode = FALSE
	EndGlobalSection
	GlobalSection(ExtensibilityGlobals) = postSolution
		SolutionGuid = {94F9D8B0-71E3-4194-9D29-45E0B32E3B27}
	EndGlobalSection
EndGlobal
