
Microsoft Visual Studio Solution File, Format Version 12.00
# Visual Studio 15
VisualStudioVersion = 15.0.26730.16
MinimumVisualStudioVersion = 10.0.40219.1
Project("{FAE04EC0-301F-11D3-BF4B-00C04F79EFBC}") = "Information.Satellite.Repository", "Information.Satellite.Repository\Information.Satellite.Repository.csproj", "{D1F09566-EEEB-42CC-B3DF-9A2B49E8B515}"
EndProject
Project("{FAE04EC0-301F-11D3-BF4B-00C04F79EFBC}") = "Information.Satellite.Usecase", "Information.Satellite.Usecase\Information.Satellite.Usecase.csproj", "{682561A8-F800-40DE-B5CF-84A4C4EE3837}"
EndProject
Project("{FAE04EC0-301F-11D3-BF4B-00C04F79EFBC}") = "Information.Satellite.Usecase.Tests", "Information.Satellite.Usecase.Tests\Information.Satellite.Usecase.Tests.csproj", "{AFF2D057-B593-4E06-A7A7-B14E505D8397}"
EndProject
Global
	GlobalSection(SolutionConfigurationPlatforms) = preSolution
		Debug|Any CPU = Debug|Any CPU
		Release|Any CPU = Release|Any CPU
	EndGlobalSection
	GlobalSection(ProjectConfigurationPlatforms) = postSolution
		{D1F09566-EEEB-42CC-B3DF-9A2B49E8B515}.Debug|Any CPU.ActiveCfg = Debug|Any CPU
		{D1F09566-EEEB-42CC-B3DF-9A2B49E8B515}.Debug|Any CPU.Build.0 = Debug|Any CPU
		{D1F09566-EEEB-42CC-B3DF-9A2B49E8B515}.Release|Any CPU.ActiveCfg = Release|Any CPU
		{D1F09566-EEEB-42CC-B3DF-9A2B49E8B515}.Release|Any CPU.Build.0 = Release|Any CPU
		{682561A8-F800-40DE-B5CF-84A4C4EE3837}.Debug|Any CPU.ActiveCfg = Debug|Any CPU
		{682561A8-F800-40DE-B5CF-84A4C4EE3837}.Debug|Any CPU.Build.0 = Debug|Any CPU
		{682561A8-F800-40DE-B5CF-84A4C4EE3837}.Release|Any CPU.ActiveCfg = Release|Any CPU
		{682561A8-F800-40DE-B5CF-84A4C4EE3837}.Release|Any CPU.Build.0 = Release|Any CPU
		{AFF2D057-B593-4E06-A7A7-B14E505D8397}.Debug|Any CPU.ActiveCfg = Debug|Any CPU
		{AFF2D057-B593-4E06-A7A7-B14E505D8397}.Debug|Any CPU.Build.0 = Debug|Any CPU
		{AFF2D057-B593-4E06-A7A7-B14E505D8397}.Release|Any CPU.ActiveCfg = Release|Any CPU
		{AFF2D057-B593-4E06-A7A7-B14E505D8397}.Release|Any CPU.Build.0 = Release|Any CPU
	EndGlobalSection
	GlobalSection(SolutionProperties) = preSolution
		HideSolutionNode = FALSE
	EndGlobalSection
	GlobalSection(ExtensibilityGlobals) = postSolution
		SolutionGuid = {0EB4CD4F-4B92-4CFF-B7A7-48018552A884}
	EndGlobalSection
EndGlobal
